
Microsoft Visual Studio Solution File, Format Version 12.00
# Visual Studio Version 17
VisualStudioVersion = 17.11.35219.272
MinimumVisualStudioVersion = 10.0.40219.1
Project("{9A19103F-16F7-4668-BE54-9A1E7A4F7556}") = "BLL", "BLL\BLL.csproj", "{22FE89AC-FE72-4825-814A-D6FDAB80C1B4}"
EndProject
Project("{9A19103F-16F7-4668-BE54-9A1E7A4F7556}") = "DAL", "DAL\DAL.csproj", "{2C48EDFD-7B39-4B3A-B40B-12CE8A58C78B}"
EndProject
Project("{9A19103F-16F7-4668-BE54-9A1E7A4F7556}") = "UI", "UI\UI.csproj", "{979E4860-2940-4ED3-ABCF-CFA21605414F}"
EndProject
Global
	GlobalSection(SolutionConfigurationPlatforms) = preSolution
		Debug|Any CPU = Debug|Any CPU
		Release|Any CPU = Release|Any CPU
	EndGlobalSection
	GlobalSection(ProjectConfigurationPlatforms) = postSolution
		{22FE89AC-FE72-4825-814A-D6FDAB80C1B4}.Debug|Any CPU.ActiveCfg = Debug|Any CPU
		{22FE89AC-FE72-4825-814A-D6FDAB80C1B4}.Debug|Any CPU.Build.0 = Debug|Any CPU
		{22FE89AC-FE72-4825-814A-D6FDAB80C1B4}.Release|Any CPU.ActiveCfg = Release|Any CPU
		{22FE89AC-FE72-4825-814A-D6FDAB80C1B4}.Release|Any CPU.Build.0 = Release|Any CPU
		{2C48EDFD-7B39-4B3A-B40B-12CE8A58C78B}.Debug|Any CPU.ActiveCfg = Debug|Any CPU
		{2C48EDFD-7B39-4B3A-B40B-12CE8A58C78B}.Debug|Any CPU.Build.0 = Debug|Any CPU
		{2C48EDFD-7B39-4B3A-B40B-12CE8A58C78B}.Release|Any CPU.ActiveCfg = Release|Any CPU
		{2C48EDFD-7B39-4B3A-B40B-12CE8A58C78B}.Release|Any CPU.Build.0 = Release|Any CPU
		{979E4860-2940-4ED3-ABCF-CFA21605414F}.Debug|Any CPU.ActiveCfg = Debug|Any CPU
		{979E4860-2940-4ED3-ABCF-CFA21605414F}.Debug|Any CPU.Build.0 = Debug|Any CPU
		{979E4860-2940-4ED3-ABCF-CFA21605414F}.Release|Any CPU.ActiveCfg = Release|Any CPU
		{979E4860-2940-4ED3-ABCF-CFA21605414F}.Release|Any CPU.Build.0 = Release|Any CPU
	EndGlobalSection
	GlobalSection(SolutionProperties) = preSolution
		HideSolutionNode = FALSE
	EndGlobalSection
	GlobalSection(ExtensibilityGlobals) = postSolution
		SolutionGuid = {FD903001-B3DA-4F5B-BDD7-FB3B47FDD480}
	EndGlobalSection
EndGlobal
