
Microsoft Visual Studio Solution File, Format Version 12.00
# Visual Studio Version 17
VisualStudioVersion = 17.11.35219.272
MinimumVisualStudioVersion = 10.0.40219.1
Project("{9A19103F-16F7-4668-BE54-9A1E7A4F7556}") = "DAL", "..\DAL\DAL.csproj", "{8B415AF2-6D89-47F4-986C-5F1D5AB8876B}"
EndProject
Project("{FAE04EC0-301F-11D3-BF4B-00C04F79EFBC}") = "BLL", "..\BLL\BLL.csproj", "{13FAD305-B3D9-4CFE-82BE-BF19691F6364}"
EndProject
Project("{FAE04EC0-301F-11D3-BF4B-00C04F79EFBC}") = "UI", "UI\UI.csproj", "{4A75361F-EABE-44BA-99D0-049BE8B50BC7}"
EndProject
Global
	GlobalSection(SolutionConfigurationPlatforms) = preSolution
		Debug|Any CPU = Debug|Any CPU
		Release|Any CPU = Release|Any CPU
	EndGlobalSection
	GlobalSection(ProjectConfigurationPlatforms) = postSolution
		{8B415AF2-6D89-47F4-986C-5F1D5AB8876B}.Debug|Any CPU.ActiveCfg = Debug|Any CPU
		{8B415AF2-6D89-47F4-986C-5F1D5AB8876B}.Debug|Any CPU.Build.0 = Debug|Any CPU
		{8B415AF2-6D89-47F4-986C-5F1D5AB8876B}.Release|Any CPU.ActiveCfg = Release|Any CPU
		{8B415AF2-6D89-47F4-986C-5F1D5AB8876B}.Release|Any CPU.Build.0 = Release|Any CPU
		{13FAD305-B3D9-4CFE-82BE-BF19691F6364}.Debug|Any CPU.ActiveCfg = Debug|Any CPU
		{13FAD305-B3D9-4CFE-82BE-BF19691F6364}.Debug|Any CPU.Build.0 = Debug|Any CPU
		{13FAD305-B3D9-4CFE-82BE-BF19691F6364}.Release|Any CPU.ActiveCfg = Release|Any CPU
		{13FAD305-B3D9-4CFE-82BE-BF19691F6364}.Release|Any CPU.Build.0 = Release|Any CPU
		{4A75361F-EABE-44BA-99D0-049BE8B50BC7}.Debug|Any CPU.ActiveCfg = Debug|Any CPU
		{4A75361F-EABE-44BA-99D0-049BE8B50BC7}.Debug|Any CPU.Build.0 = Debug|Any CPU
		{4A75361F-EABE-44BA-99D0-049BE8B50BC7}.Release|Any CPU.ActiveCfg = Release|Any CPU
		{4A75361F-EABE-44BA-99D0-049BE8B50BC7}.Release|Any CPU.Build.0 = Release|Any CPU
	EndGlobalSection
	GlobalSection(SolutionProperties) = preSolution
		HideSolutionNode = FALSE
	EndGlobalSection
	GlobalSection(ExtensibilityGlobals) = postSolution
		SolutionGuid = {FD903001-B3DA-4F5B-BDD7-FB3B47FDD480}
	EndGlobalSection
EndGlobal
